// !$*UTF8*$!
{
	archiveVersion = 1;
	classes = {
	};
	objectVersion = 50;
	objects = {

/* Begin PBXBuildFile section */
		23C32940785C815A7DE5D8AB /* Pods_Ads_Vuld_Khoanv.framework in Frameworks */ = {isa = PBXBuildFile; fileRef = 788632EAA5CACB0DF0D14EEF /* Pods_Ads_Vuld_Khoanv.framework */; };
		3A4839C321393DAE00309EAD /* GatewayInit.swift in Sources */ = {isa = PBXBuildFile; fileRef = 3A4839C221393DAE00309EAD /* GatewayInit.swift */; };
		3A8577062137DC6C00B854B0 /* AppDelegate.swift in Sources */ = {isa = PBXBuildFile; fileRef = 3A8577052137DC6C00B854B0 /* AppDelegate.swift */; };
		3A8577082137DC6C00B854B0 /* ViewController.swift in Sources */ = {isa = PBXBuildFile; fileRef = 3A8577072137DC6C00B854B0 /* ViewController.swift */; };
		3A85770B2137DC6C00B854B0 /* Main.storyboard in Resources */ = {isa = PBXBuildFile; fileRef = 3A8577092137DC6C00B854B0 /* Main.storyboard */; };
		3A85770D2137DC6E00B854B0 /* Assets.xcassets in Resources */ = {isa = PBXBuildFile; fileRef = 3A85770C2137DC6E00B854B0 /* Assets.xcassets */; };
		3A8577102137DC6E00B854B0 /* LaunchScreen.storyboard in Resources */ = {isa = PBXBuildFile; fileRef = 3A85770E2137DC6E00B854B0 /* LaunchScreen.storyboard */; };
		3A8577222137F86C00B854B0 /* UserBoundary.swift in Sources */ = {isa = PBXBuildFile; fileRef = 3A8577212137F86C00B854B0 /* UserBoundary.swift */; };
		3A8577242137FA7800B854B0 /* EntityGateway.swift in Sources */ = {isa = PBXBuildFile; fileRef = 3A8577232137FA7800B854B0 /* EntityGateway.swift */; };
		3A8577262137FAC500B854B0 /* Entity.swift in Sources */ = {isa = PBXBuildFile; fileRef = 3A8577252137FAC500B854B0 /* Entity.swift */; };
		3A8577282137FE9200B854B0 /* UserGateway.swift in Sources */ = {isa = PBXBuildFile; fileRef = 3A8577272137FE9200B854B0 /* UserGateway.swift */; };
		3A85772A213801E600B854B0 /* UserGetway_Impl.swift in Sources */ = {isa = PBXBuildFile; fileRef = 3A857729213801E600B854B0 /* UserGetway_Impl.swift */; };
		3A85772C2139396600B854B0 /* GoogleService-Info.plist in Resources */ = {isa = PBXBuildFile; fileRef = 3A85772B2139396600B854B0 /* GoogleService-Info.plist */; };
		3A863495213F8788009E9045 /* UserBoundary_Impl.swift in Sources */ = {isa = PBXBuildFile; fileRef = 3A863494213F8787009E9045 /* UserBoundary_Impl.swift */; };
		3A863498213F8944009E9045 /* DependencyResolver.swift in Sources */ = {isa = PBXBuildFile; fileRef = 3A863497213F8944009E9045 /* DependencyResolver.swift */; };
		3A86349B213FBBE4009E9045 /* IUserPresenter.swift in Sources */ = {isa = PBXBuildFile; fileRef = 3A86349A213FBBE4009E9045 /* IUserPresenter.swift */; };
		3A86349D213FBCCE009E9045 /* UserPresenter_Impl.swift in Sources */ = {isa = PBXBuildFile; fileRef = 3A86349C213FBCCE009E9045 /* UserPresenter_Impl.swift */; };
		3AFB6675213FC0CE002C6289 /* UserView.swift in Sources */ = {isa = PBXBuildFile; fileRef = 3AFB6674213FC0CE002C6289 /* UserView.swift */; };
		3AFB6677213FCB4E002C6289 /* UserController.swift in Sources */ = {isa = PBXBuildFile; fileRef = 3AFB6676213FCB4E002C6289 /* UserController.swift */; };
		3AFB6679213FE336002C6289 /* ProfileGateway.swift in Sources */ = {isa = PBXBuildFile; fileRef = 3AFB6678213FE336002C6289 /* ProfileGateway.swift */; };
		3AFB667B213FE36A002C6289 /* ProfileGateway_Impl.swift in Sources */ = {isa = PBXBuildFile; fileRef = 3AFB667A213FE36A002C6289 /* ProfileGateway_Impl.swift */; };
		A74ED1AE214A3FBA00D891F5 /* User.swift in Sources */ = {isa = PBXBuildFile; fileRef = A74ED1AC214A3FBA00D891F5 /* User.swift */; };
		A74ED1AF214A3FBA00D891F5 /* Profile.swift in Sources */ = {isa = PBXBuildFile; fileRef = A74ED1AD214A3FBA00D891F5 /* Profile.swift */; };
		A74ED1B3214A8F5900D891F5 /* DomainEntity.swift in Sources */ = {isa = PBXBuildFile; fileRef = A74ED1B2214A8F5900D891F5 /* DomainEntity.swift */; };
		A74ED1B5214AA5D700D891F5 /* EarnView.swift in Sources */ = {isa = PBXBuildFile; fileRef = A74ED1B4214AA5D700D891F5 /* EarnView.swift */; };
		A74ED1B7214AA84500D891F5 /* IEarnPresenter.swift in Sources */ = {isa = PBXBuildFile; fileRef = A74ED1B6214AA84500D891F5 /* IEarnPresenter.swift */; };
		A74ED1B9214AA94700D891F5 /* EarnPresenter.swift in Sources */ = {isa = PBXBuildFile; fileRef = A74ED1B8214AA94700D891F5 /* EarnPresenter.swift */; };
		A74ED1BB214AAACC00D891F5 /* EarnController.swift in Sources */ = {isa = PBXBuildFile; fileRef = A74ED1BA214AAACC00D891F5 /* EarnController.swift */; };
		A74ED1BD214AAB1800D891F5 /* EarnGateway.swift in Sources */ = {isa = PBXBuildFile; fileRef = A74ED1BC214AAB1800D891F5 /* EarnGateway.swift */; };
		A74ED1BF214AACA600D891F5 /* Earn.swift in Sources */ = {isa = PBXBuildFile; fileRef = A74ED1BE214AACA600D891F5 /* Earn.swift */; };
		A74ED1C1214AAF7C00D891F5 /* EarnConfig.swift in Sources */ = {isa = PBXBuildFile; fileRef = A74ED1C0214AAF7C00D891F5 /* EarnConfig.swift */; };
		A74ED1C3214AB0F500D891F5 /* EarnGateway_Impl.swift in Sources */ = {isa = PBXBuildFile; fileRef = A74ED1C2214AB0F500D891F5 /* EarnGateway_Impl.swift */; };
		A74ED1C5214AB1FD00D891F5 /* EarnBoundary.swift in Sources */ = {isa = PBXBuildFile; fileRef = A74ED1C4214AB1FD00D891F5 /* EarnBoundary.swift */; };
		A74ED1C7214AB21F00D891F5 /* EarnBoundary_Impl.swift in Sources */ = {isa = PBXBuildFile; fileRef = A74ED1C6214AB21F00D891F5 /* EarnBoundary_Impl.swift */; };
/* End PBXBuildFile section */

/* Begin PBXFileReference section */
		3A4839C221393DAE00309EAD /* GatewayInit.swift */ = {isa = PBXFileReference; lastKnownFileType = sourcecode.swift; path = GatewayInit.swift; sourceTree = "<group>"; };
		3A8577022137DC6C00B854B0 /* Ads_Vuld_Khoanv.app */ = {isa = PBXFileReference; explicitFileType = wrapper.application; includeInIndex = 0; path = Ads_Vuld_Khoanv.app; sourceTree = BUILT_PRODUCTS_DIR; };
		3A8577052137DC6C00B854B0 /* AppDelegate.swift */ = {isa = PBXFileReference; lastKnownFileType = sourcecode.swift; path = AppDelegate.swift; sourceTree = "<group>"; };
		3A8577072137DC6C00B854B0 /* ViewController.swift */ = {isa = PBXFileReference; lastKnownFileType = sourcecode.swift; path = ViewController.swift; sourceTree = "<group>"; };
		3A85770A2137DC6C00B854B0 /* Base */ = {isa = PBXFileReference; lastKnownFileType = file.storyboard; name = Base; path = Base.lproj/Main.storyboard; sourceTree = "<group>"; };
		3A85770C2137DC6E00B854B0 /* Assets.xcassets */ = {isa = PBXFileReference; lastKnownFileType = folder.assetcatalog; path = Assets.xcassets; sourceTree = "<group>"; };
		3A85770F2137DC6E00B854B0 /* Base */ = {isa = PBXFileReference; lastKnownFileType = file.storyboard; name = Base; path = Base.lproj/LaunchScreen.storyboard; sourceTree = "<group>"; };
		3A8577112137DC6E00B854B0 /* Info.plist */ = {isa = PBXFileReference; lastKnownFileType = text.plist.xml; path = Info.plist; sourceTree = "<group>"; };
		3A8577212137F86C00B854B0 /* UserBoundary.swift */ = {isa = PBXFileReference; lastKnownFileType = sourcecode.swift; path = UserBoundary.swift; sourceTree = "<group>"; };
		3A8577232137FA7800B854B0 /* EntityGateway.swift */ = {isa = PBXFileReference; lastKnownFileType = sourcecode.swift; path = EntityGateway.swift; sourceTree = "<group>"; };
		3A8577252137FAC500B854B0 /* Entity.swift */ = {isa = PBXFileReference; lastKnownFileType = sourcecode.swift; path = Entity.swift; sourceTree = "<group>"; };
		3A8577272137FE9200B854B0 /* UserGateway.swift */ = {isa = PBXFileReference; lastKnownFileType = sourcecode.swift; path = UserGateway.swift; sourceTree = "<group>"; };
		3A857729213801E600B854B0 /* UserGetway_Impl.swift */ = {isa = PBXFileReference; lastKnownFileType = sourcecode.swift; path = UserGetway_Impl.swift; sourceTree = "<group>"; };
		3A85772B2139396600B854B0 /* GoogleService-Info.plist */ = {isa = PBXFileReference; fileEncoding = 4; lastKnownFileType = text.plist.xml; path = "GoogleService-Info.plist"; sourceTree = "<group>"; };
		3A863494213F8787009E9045 /* UserBoundary_Impl.swift */ = {isa = PBXFileReference; lastKnownFileType = sourcecode.swift; path = UserBoundary_Impl.swift; sourceTree = "<group>"; };
		3A863497213F8944009E9045 /* DependencyResolver.swift */ = {isa = PBXFileReference; lastKnownFileType = sourcecode.swift; path = DependencyResolver.swift; sourceTree = "<group>"; };
		3A86349A213FBBE4009E9045 /* IUserPresenter.swift */ = {isa = PBXFileReference; lastKnownFileType = sourcecode.swift; path = IUserPresenter.swift; sourceTree = "<group>"; };
		3A86349C213FBCCE009E9045 /* UserPresenter_Impl.swift */ = {isa = PBXFileReference; lastKnownFileType = sourcecode.swift; path = UserPresenter_Impl.swift; sourceTree = "<group>"; };
		3AFB6674213FC0CE002C6289 /* UserView.swift */ = {isa = PBXFileReference; lastKnownFileType = sourcecode.swift; path = UserView.swift; sourceTree = "<group>"; };
		3AFB6676213FCB4E002C6289 /* UserController.swift */ = {isa = PBXFileReference; lastKnownFileType = sourcecode.swift; path = UserController.swift; sourceTree = "<group>"; };
		3AFB6678213FE336002C6289 /* ProfileGateway.swift */ = {isa = PBXFileReference; lastKnownFileType = sourcecode.swift; path = ProfileGateway.swift; sourceTree = "<group>"; };
		3AFB667A213FE36A002C6289 /* ProfileGateway_Impl.swift */ = {isa = PBXFileReference; lastKnownFileType = sourcecode.swift; path = ProfileGateway_Impl.swift; sourceTree = "<group>"; };
		5B7F0E2F2C523ACDECA5E2A1 /* Pods-Ads_Vuld_Khoanv.release.xcconfig */ = {isa = PBXFileReference; includeInIndex = 1; lastKnownFileType = text.xcconfig; name = "Pods-Ads_Vuld_Khoanv.release.xcconfig"; path = "Pods/Target Support Files/Pods-Ads_Vuld_Khoanv/Pods-Ads_Vuld_Khoanv.release.xcconfig"; sourceTree = "<group>"; };
		788632EAA5CACB0DF0D14EEF /* Pods_Ads_Vuld_Khoanv.framework */ = {isa = PBXFileReference; explicitFileType = wrapper.framework; includeInIndex = 0; path = Pods_Ads_Vuld_Khoanv.framework; sourceTree = BUILT_PRODUCTS_DIR; };
		79270D5AEDF7E53B252E5398 /* Pods-Ads_Vuld_Khoanv.debug.xcconfig */ = {isa = PBXFileReference; includeInIndex = 1; lastKnownFileType = text.xcconfig; name = "Pods-Ads_Vuld_Khoanv.debug.xcconfig"; path = "Pods/Target Support Files/Pods-Ads_Vuld_Khoanv/Pods-Ads_Vuld_Khoanv.debug.xcconfig"; sourceTree = "<group>"; };
		A74ED1AC214A3FBA00D891F5 /* User.swift */ = {isa = PBXFileReference; fileEncoding = 4; lastKnownFileType = sourcecode.swift; name = User.swift; path = Ads_Vuld_Khoanv/Main/Data/User.swift; sourceTree = SOURCE_ROOT; };
		A74ED1AD214A3FBA00D891F5 /* Profile.swift */ = {isa = PBXFileReference; fileEncoding = 4; lastKnownFileType = sourcecode.swift; name = Profile.swift; path = Ads_Vuld_Khoanv/Main/Data/Profile.swift; sourceTree = SOURCE_ROOT; };
		A74ED1B2214A8F5900D891F5 /* DomainEntity.swift */ = {isa = PBXFileReference; lastKnownFileType = sourcecode.swift; path = DomainEntity.swift; sourceTree = "<group>"; };
		A74ED1B4214AA5D700D891F5 /* EarnView.swift */ = {isa = PBXFileReference; lastKnownFileType = sourcecode.swift; path = EarnView.swift; sourceTree = "<group>"; };
		A74ED1B6214AA84500D891F5 /* IEarnPresenter.swift */ = {isa = PBXFileReference; lastKnownFileType = sourcecode.swift; path = IEarnPresenter.swift; sourceTree = "<group>"; };
		A74ED1B8214AA94700D891F5 /* EarnPresenter.swift */ = {isa = PBXFileReference; lastKnownFileType = sourcecode.swift; path = EarnPresenter.swift; sourceTree = "<group>"; };
		A74ED1BA214AAACC00D891F5 /* EarnController.swift */ = {isa = PBXFileReference; lastKnownFileType = sourcecode.swift; path = EarnController.swift; sourceTree = "<group>"; };
		A74ED1BC214AAB1800D891F5 /* EarnGateway.swift */ = {isa = PBXFileReference; lastKnownFileType = sourcecode.swift; path = EarnGateway.swift; sourceTree = "<group>"; };
		A74ED1BE214AACA600D891F5 /* Earn.swift */ = {isa = PBXFileReference; lastKnownFileType = sourcecode.swift; path = Earn.swift; sourceTree = "<group>"; };
		A74ED1C0214AAF7C00D891F5 /* EarnConfig.swift */ = {isa = PBXFileReference; lastKnownFileType = sourcecode.swift; path = EarnConfig.swift; sourceTree = "<group>"; };
		A74ED1C2214AB0F500D891F5 /* EarnGateway_Impl.swift */ = {isa = PBXFileReference; lastKnownFileType = sourcecode.swift; path = EarnGateway_Impl.swift; sourceTree = "<group>"; };
		A74ED1C4214AB1FD00D891F5 /* EarnBoundary.swift */ = {isa = PBXFileReference; lastKnownFileType = sourcecode.swift; path = EarnBoundary.swift; sourceTree = "<group>"; };
		A74ED1C6214AB21F00D891F5 /* EarnBoundary_Impl.swift */ = {isa = PBXFileReference; lastKnownFileType = sourcecode.swift; path = EarnBoundary_Impl.swift; sourceTree = "<group>"; };
/* End PBXFileReference section */

/* Begin PBXFrameworksBuildPhase section */
		3A8576FF2137DC6C00B854B0 /* Frameworks */ = {
			isa = PBXFrameworksBuildPhase;
			buildActionMask = 2147483647;
			files = (
				23C32940785C815A7DE5D8AB /* Pods_Ads_Vuld_Khoanv.framework in Frameworks */,
			);
			runOnlyForDeploymentPostprocessing = 0;
		};
/* End PBXFrameworksBuildPhase section */

/* Begin PBXGroup section */
		3A8576F92137DC6C00B854B0 = {
			isa = PBXGroup;
			children = (
				3A8577042137DC6C00B854B0 /* Ads_Vuld_Khoanv */,
				3A8577032137DC6C00B854B0 /* Products */,
				7E11A8163226E4C31E053EE5 /* Pods */,
				6DF8B6A377107F32D206AE83 /* Frameworks */,
			);
			sourceTree = "<group>";
		};
		3A8577032137DC6C00B854B0 /* Products */ = {
			isa = PBXGroup;
			children = (
				3A8577022137DC6C00B854B0 /* Ads_Vuld_Khoanv.app */,
			);
			name = Products;
			sourceTree = "<group>";
		};
		3A8577042137DC6C00B854B0 /* Ads_Vuld_Khoanv */ = {
			isa = PBXGroup;
			children = (
				3A85772B2139396600B854B0 /* GoogleService-Info.plist */,
				3A8577172137DCB600B854B0 /* Main */,
				3A8577052137DC6C00B854B0 /* AppDelegate.swift */,
				3A8577072137DC6C00B854B0 /* ViewController.swift */,
				3A8577092137DC6C00B854B0 /* Main.storyboard */,
				3A85770C2137DC6E00B854B0 /* Assets.xcassets */,
				3A85770E2137DC6E00B854B0 /* LaunchScreen.storyboard */,
				3A8577112137DC6E00B854B0 /* Info.plist */,
			);
			path = Ads_Vuld_Khoanv;
			sourceTree = "<group>";
		};
		3A8577172137DCB600B854B0 /* Main */ = {
			isa = PBXGroup;
			children = (
				3A863499213FBBC3009E9045 /* Presenter */,
				3A863496213F8910009E9045 /* infra.di */,
				3A85771B2137DD9000B854B0 /* UI */,
				3A85771A2137DD0500B854B0 /* Gateways */,
				3A8577192137DCF400B854B0 /* UseCase */,
				3A8577182137DCCA00B854B0 /* Entities */,
			);
			path = Main;
			sourceTree = "<group>";
		};
		3A8577182137DCCA00B854B0 /* Entities */ = {
			isa = PBXGroup;
			children = (
				A74ED1AD214A3FBA00D891F5 /* Profile.swift */,
				A74ED1AC214A3FBA00D891F5 /* User.swift */,
				3A8577252137FAC500B854B0 /* Entity.swift */,
				A74ED1B2214A8F5900D891F5 /* DomainEntity.swift */,
				A74ED1BE214AACA600D891F5 /* Earn.swift */,
				A74ED1C0214AAF7C00D891F5 /* EarnConfig.swift */,
			);
			path = Entities;
			sourceTree = "<group>";
		};
		3A8577192137DCF400B854B0 /* UseCase */ = {
			isa = PBXGroup;
			children = (
				3A8577212137F86C00B854B0 /* UserBoundary.swift */,
				3A863494213F8787009E9045 /* UserBoundary_Impl.swift */,
				A74ED1C4214AB1FD00D891F5 /* EarnBoundary.swift */,
				A74ED1C6214AB21F00D891F5 /* EarnBoundary_Impl.swift */,
			);
			path = UseCase;
			sourceTree = "<group>";
		};
		3A85771A2137DD0500B854B0 /* Gateways */ = {
			isa = PBXGroup;
			children = (
				3A8577232137FA7800B854B0 /* EntityGateway.swift */,
				3A8577272137FE9200B854B0 /* UserGateway.swift */,
				3A857729213801E600B854B0 /* UserGetway_Impl.swift */,
				3A4839C221393DAE00309EAD /* GatewayInit.swift */,
				3AFB6678213FE336002C6289 /* ProfileGateway.swift */,
				3AFB667A213FE36A002C6289 /* ProfileGateway_Impl.swift */,
				A74ED1BC214AAB1800D891F5 /* EarnGateway.swift */,
				A74ED1C2214AB0F500D891F5 /* EarnGateway_Impl.swift */,
			);
			path = Gateways;
			sourceTree = "<group>";
		};
		3A85771B2137DD9000B854B0 /* UI */ = {
			isa = PBXGroup;
			children = (
				3AFB6674213FC0CE002C6289 /* UserView.swift */,
				A74ED1B4214AA5D700D891F5 /* EarnView.swift */,
			);
			path = UI;
			sourceTree = "<group>";
		};
		3A863496213F8910009E9045 /* infra.di */ = {
			isa = PBXGroup;
			children = (
				3A863497213F8944009E9045 /* DependencyResolver.swift */,
			);
			path = infra.di;
			sourceTree = "<group>";
		};
		3A863499213FBBC3009E9045 /* Presenter */ = {
			isa = PBXGroup;
			children = (
				3A86349A213FBBE4009E9045 /* IUserPresenter.swift */,
				3A86349C213FBCCE009E9045 /* UserPresenter_Impl.swift */,
				3AFB6676213FCB4E002C6289 /* UserController.swift */,
				A74ED1B6214AA84500D891F5 /* IEarnPresenter.swift */,
				A74ED1B8214AA94700D891F5 /* EarnPresenter.swift */,
				A74ED1BA214AAACC00D891F5 /* EarnController.swift */,
			);
			path = Presenter;
			sourceTree = "<group>";
		};
		6DF8B6A377107F32D206AE83 /* Frameworks */ = {
			isa = PBXGroup;
			children = (
				788632EAA5CACB0DF0D14EEF /* Pods_Ads_Vuld_Khoanv.framework */,
			);
			name = Frameworks;
			sourceTree = "<group>";
		};
		7E11A8163226E4C31E053EE5 /* Pods */ = {
			isa = PBXGroup;
			children = (
				79270D5AEDF7E53B252E5398 /* Pods-Ads_Vuld_Khoanv.debug.xcconfig */,
				5B7F0E2F2C523ACDECA5E2A1 /* Pods-Ads_Vuld_Khoanv.release.xcconfig */,
			);
			name = Pods;
			sourceTree = "<group>";
		};
/* End PBXGroup section */

/* Begin PBXNativeTarget section */
		3A8577012137DC6C00B854B0 /* Ads_Vuld_Khoanv */ = {
			isa = PBXNativeTarget;
			buildConfigurationList = 3A8577142137DC6E00B854B0 /* Build configuration list for PBXNativeTarget "Ads_Vuld_Khoanv" */;
			buildPhases = (
				DAFCECE1096E60AB73931C10 /* [CP] Check Pods Manifest.lock */,
				3A8576FE2137DC6C00B854B0 /* Sources */,
				3A8576FF2137DC6C00B854B0 /* Frameworks */,
				3A8577002137DC6C00B854B0 /* Resources */,
				B6A51C47560164BD6ABA5B14 /* [CP] Embed Pods Frameworks */,
				5641E296AC3A443FB2ACA219 /* [CP] Copy Pods Resources */,
			);
			buildRules = (
			);
			dependencies = (
			);
			name = Ads_Vuld_Khoanv;
			productName = Ads_Vuld_Khoanv;
			productReference = 3A8577022137DC6C00B854B0 /* Ads_Vuld_Khoanv.app */;
			productType = "com.apple.product-type.application";
		};
/* End PBXNativeTarget section */

/* Begin PBXProject section */
		3A8576FA2137DC6C00B854B0 /* Project object */ = {
			isa = PBXProject;
			attributes = {
				LastSwiftUpdateCheck = 0930;
				LastUpgradeCheck = 0930;
				ORGANIZATIONNAME = vuld;
				TargetAttributes = {
					3A8577012137DC6C00B854B0 = {
						CreatedOnToolsVersion = 9.3.1;
					};
				};
			};
			buildConfigurationList = 3A8576FD2137DC6C00B854B0 /* Build configuration list for PBXProject "Ads_Vuld_Khoanv" */;
			compatibilityVersion = "Xcode 9.3";
			developmentRegion = en;
			hasScannedForEncodings = 0;
			knownRegions = (
				en,
				Base,
			);
			mainGroup = 3A8576F92137DC6C00B854B0;
			productRefGroup = 3A8577032137DC6C00B854B0 /* Products */;
			projectDirPath = "";
			projectRoot = "";
			targets = (
				3A8577012137DC6C00B854B0 /* Ads_Vuld_Khoanv */,
			);
		};
/* End PBXProject section */

/* Begin PBXResourcesBuildPhase section */
		3A8577002137DC6C00B854B0 /* Resources */ = {
			isa = PBXResourcesBuildPhase;
			buildActionMask = 2147483647;
			files = (
				3A8577102137DC6E00B854B0 /* LaunchScreen.storyboard in Resources */,
				3A85770D2137DC6E00B854B0 /* Assets.xcassets in Resources */,
				3A85770B2137DC6C00B854B0 /* Main.storyboard in Resources */,
				3A85772C2139396600B854B0 /* GoogleService-Info.plist in Resources */,
			);
			runOnlyForDeploymentPostprocessing = 0;
		};
/* End PBXResourcesBuildPhase section */

/* Begin PBXShellScriptBuildPhase section */
		5641E296AC3A443FB2ACA219 /* [CP] Copy Pods Resources */ = {
			isa = PBXShellScriptBuildPhase;
			buildActionMask = 2147483647;
			files = (
			);
			inputPaths = (
				"${SRCROOT}/Pods/Target Support Files/Pods-Ads_Vuld_Khoanv/Pods-Ads_Vuld_Khoanv-resources.sh",
				"${PODS_CONFIGURATION_BUILD_DIR}/FirebaseUI/FirebaseAuthUI.bundle",
				"${PODS_CONFIGURATION_BUILD_DIR}/FirebaseUI/FirebaseFacebookAuthUI.bundle",
			);
			name = "[CP] Copy Pods Resources";
			outputPaths = (
				"${TARGET_BUILD_DIR}/${UNLOCALIZED_RESOURCES_FOLDER_PATH}/FirebaseAuthUI.bundle",
				"${TARGET_BUILD_DIR}/${UNLOCALIZED_RESOURCES_FOLDER_PATH}/FirebaseFacebookAuthUI.bundle",
			);
			runOnlyForDeploymentPostprocessing = 0;
			shellPath = /bin/sh;
			shellScript = "\"${SRCROOT}/Pods/Target Support Files/Pods-Ads_Vuld_Khoanv/Pods-Ads_Vuld_Khoanv-resources.sh\"\n";
			showEnvVarsInLog = 0;
		};
		B6A51C47560164BD6ABA5B14 /* [CP] Embed Pods Frameworks */ = {
			isa = PBXShellScriptBuildPhase;
			buildActionMask = 2147483647;
			files = (
			);
			inputPaths = (
				"${SRCROOT}/Pods/Target Support Files/Pods-Ads_Vuld_Khoanv/Pods-Ads_Vuld_Khoanv-frameworks.sh",
				"${BUILT_PRODUCTS_DIR}/Bolts/Bolts.framework",
				"${BUILT_PRODUCTS_DIR}/FBSDKCoreKit/FBSDKCoreKit.framework",
				"${BUILT_PRODUCTS_DIR}/FBSDKLoginKit/FBSDKLoginKit.framework",
				"${BUILT_PRODUCTS_DIR}/GTMSessionFetcher/GTMSessionFetcher.framework",
				"${BUILT_PRODUCTS_DIR}/GoogleToolboxForMac/GoogleToolboxForMac.framework",
				"${BUILT_PRODUCTS_DIR}/leveldb-library/leveldb.framework",
				"${BUILT_PRODUCTS_DIR}/nanopb/nanopb.framework",
			);
			name = "[CP] Embed Pods Frameworks";
			outputPaths = (
				"${TARGET_BUILD_DIR}/${FRAMEWORKS_FOLDER_PATH}/Bolts.framework",
				"${TARGET_BUILD_DIR}/${FRAMEWORKS_FOLDER_PATH}/FBSDKCoreKit.framework",
				"${TARGET_BUILD_DIR}/${FRAMEWORKS_FOLDER_PATH}/FBSDKLoginKit.framework",
				"${TARGET_BUILD_DIR}/${FRAMEWORKS_FOLDER_PATH}/GTMSessionFetcher.framework",
				"${TARGET_BUILD_DIR}/${FRAMEWORKS_FOLDER_PATH}/GoogleToolboxForMac.framework",
				"${TARGET_BUILD_DIR}/${FRAMEWORKS_FOLDER_PATH}/leveldb.framework",
				"${TARGET_BUILD_DIR}/${FRAMEWORKS_FOLDER_PATH}/nanopb.framework",
			);
			runOnlyForDeploymentPostprocessing = 0;
			shellPath = /bin/sh;
			shellScript = "\"${SRCROOT}/Pods/Target Support Files/Pods-Ads_Vuld_Khoanv/Pods-Ads_Vuld_Khoanv-frameworks.sh\"\n";
			showEnvVarsInLog = 0;
		};
		DAFCECE1096E60AB73931C10 /* [CP] Check Pods Manifest.lock */ = {
			isa = PBXShellScriptBuildPhase;
			buildActionMask = 2147483647;
			files = (
			);
			inputPaths = (
				"${PODS_PODFILE_DIR_PATH}/Podfile.lock",
				"${PODS_ROOT}/Manifest.lock",
			);
			name = "[CP] Check Pods Manifest.lock";
			outputPaths = (
				"$(DERIVED_FILE_DIR)/Pods-Ads_Vuld_Khoanv-checkManifestLockResult.txt",
			);
			runOnlyForDeploymentPostprocessing = 0;
			shellPath = /bin/sh;
			shellScript = "diff \"${PODS_PODFILE_DIR_PATH}/Podfile.lock\" \"${PODS_ROOT}/Manifest.lock\" > /dev/null\nif [ $? != 0 ] ; then\n    # print error to STDERR\n    echo \"error: The sandbox is not in sync with the Podfile.lock. Run 'pod install' or update your CocoaPods installation.\" >&2\n    exit 1\nfi\n# This output is used by Xcode 'outputs' to avoid re-running this script phase.\necho \"SUCCESS\" > \"${SCRIPT_OUTPUT_FILE_0}\"\n";
			showEnvVarsInLog = 0;
		};
/* End PBXShellScriptBuildPhase section */

/* Begin PBXSourcesBuildPhase section */
		3A8576FE2137DC6C00B854B0 /* Sources */ = {
			isa = PBXSourcesBuildPhase;
			buildActionMask = 2147483647;
			files = (
				3A4839C321393DAE00309EAD /* GatewayInit.swift in Sources */,
				A74ED1BF214AACA600D891F5 /* Earn.swift in Sources */,
				3A8577082137DC6C00B854B0 /* ViewController.swift in Sources */,
				A74ED1B9214AA94700D891F5 /* EarnPresenter.swift in Sources */,
				3AFB6677213FCB4E002C6289 /* UserController.swift in Sources */,
				A74ED1B3214A8F5900D891F5 /* DomainEntity.swift in Sources */,
				3A8577262137FAC500B854B0 /* Entity.swift in Sources */,
				3A863498213F8944009E9045 /* DependencyResolver.swift in Sources */,
				3A8577222137F86C00B854B0 /* UserBoundary.swift in Sources */,
				A74ED1B7214AA84500D891F5 /* IEarnPresenter.swift in Sources */,
				A74ED1AE214A3FBA00D891F5 /* User.swift in Sources */,
				3A8577062137DC6C00B854B0 /* AppDelegate.swift in Sources */,
				A74ED1AF214A3FBA00D891F5 /* Profile.swift in Sources */,
				A74ED1BD214AAB1800D891F5 /* EarnGateway.swift in Sources */,
				3AFB667B213FE36A002C6289 /* ProfileGateway_Impl.swift in Sources */,
				A74ED1C3214AB0F500D891F5 /* EarnGateway_Impl.swift in Sources */,
				A74ED1C7214AB21F00D891F5 /* EarnBoundary_Impl.swift in Sources */,
				3AFB6675213FC0CE002C6289 /* UserView.swift in Sources */,
				3A85772A213801E600B854B0 /* UserGetway_Impl.swift in Sources */,
				A74ED1C1214AAF7C00D891F5 /* EarnConfig.swift in Sources */,
				3A8577282137FE9200B854B0 /* UserGateway.swift in Sources */,
				3A863495213F8788009E9045 /* UserBoundary_Impl.swift in Sources */,
				3AFB6679213FE336002C6289 /* ProfileGateway.swift in Sources */,
				A74ED1BB214AAACC00D891F5 /* EarnController.swift in Sources */,
				3A86349B213FBBE4009E9045 /* IUserPresenter.swift in Sources */,
				3A86349D213FBCCE009E9045 /* UserPresenter_Impl.swift in Sources */,
				A74ED1B5214AA5D700D891F5 /* EarnView.swift in Sources */,
				3A8577242137FA7800B854B0 /* EntityGateway.swift in Sources */,
				A74ED1C5214AB1FD00D891F5 /* EarnBoundary.swift in Sources */,
			);
			runOnlyForDeploymentPostprocessing = 0;
		};
/* End PBXSourcesBuildPhase section */

/* Begin PBXVariantGroup section */
		3A8577092137DC6C00B854B0 /* Main.storyboard */ = {
			isa = PBXVariantGroup;
			children = (
				3A85770A2137DC6C00B854B0 /* Base */,
			);
			name = Main.storyboard;
			sourceTree = "<group>";
		};
		3A85770E2137DC6E00B854B0 /* LaunchScreen.storyboard */ = {
			isa = PBXVariantGroup;
			children = (
				3A85770F2137DC6E00B854B0 /* Base */,
			);
			name = LaunchScreen.storyboard;
			sourceTree = "<group>";
		};
/* End PBXVariantGroup section */

/* Begin XCBuildConfiguration section */
		3A8577122137DC6E00B854B0 /* Debug */ = {
			isa = XCBuildConfiguration;
			buildSettings = {
				ALWAYS_SEARCH_USER_PATHS = NO;
				CLANG_ANALYZER_NONNULL = YES;
				CLANG_ANALYZER_NUMBER_OBJECT_CONVERSION = YES_AGGRESSIVE;
				CLANG_CXX_LANGUAGE_STANDARD = "gnu++14";
				CLANG_CXX_LIBRARY = "libc++";
				CLANG_ENABLE_MODULES = YES;
				CLANG_ENABLE_OBJC_ARC = YES;
				CLANG_ENABLE_OBJC_WEAK = YES;
				CLANG_WARN_BLOCK_CAPTURE_AUTORELEASING = YES;
				CLANG_WARN_BOOL_CONVERSION = YES;
				CLANG_WARN_COMMA = YES;
				CLANG_WARN_CONSTANT_CONVERSION = YES;
				CLANG_WARN_DEPRECATED_OBJC_IMPLEMENTATIONS = YES;
				CLANG_WARN_DIRECT_OBJC_ISA_USAGE = YES_ERROR;
				CLANG_WARN_DOCUMENTATION_COMMENTS = YES;
				CLANG_WARN_EMPTY_BODY = YES;
				CLANG_WARN_ENUM_CONVERSION = YES;
				CLANG_WARN_INFINITE_RECURSION = YES;
				CLANG_WARN_INT_CONVERSION = YES;
				CLANG_WARN_NON_LITERAL_NULL_CONVERSION = YES;
				CLANG_WARN_OBJC_IMPLICIT_RETAIN_SELF = YES;
				CLANG_WARN_OBJC_LITERAL_CONVERSION = YES;
				CLANG_WARN_OBJC_ROOT_CLASS = YES_ERROR;
				CLANG_WARN_RANGE_LOOP_ANALYSIS = YES;
				CLANG_WARN_STRICT_PROTOTYPES = YES;
				CLANG_WARN_SUSPICIOUS_MOVE = YES;
				CLANG_WARN_UNGUARDED_AVAILABILITY = YES_AGGRESSIVE;
				CLANG_WARN_UNREACHABLE_CODE = YES;
				CLANG_WARN__DUPLICATE_METHOD_MATCH = YES;
				CODE_SIGN_IDENTITY = "iPhone Developer";
				COPY_PHASE_STRIP = NO;
				DEBUG_INFORMATION_FORMAT = dwarf;
				ENABLE_STRICT_OBJC_MSGSEND = YES;
				ENABLE_TESTABILITY = YES;
				GCC_C_LANGUAGE_STANDARD = gnu11;
				GCC_DYNAMIC_NO_PIC = NO;
				GCC_NO_COMMON_BLOCKS = YES;
				GCC_OPTIMIZATION_LEVEL = 0;
				GCC_PREPROCESSOR_DEFINITIONS = (
					"DEBUG=1",
					"$(inherited)",
				);
				GCC_WARN_64_TO_32_BIT_CONVERSION = YES;
				GCC_WARN_ABOUT_RETURN_TYPE = YES_ERROR;
				GCC_WARN_UNDECLARED_SELECTOR = YES;
				GCC_WARN_UNINITIALIZED_AUTOS = YES_AGGRESSIVE;
				GCC_WARN_UNUSED_FUNCTION = YES;
				GCC_WARN_UNUSED_VARIABLE = YES;
				IPHONEOS_DEPLOYMENT_TARGET = 11.3;
				MTL_ENABLE_DEBUG_INFO = YES;
				ONLY_ACTIVE_ARCH = YES;
				SDKROOT = iphoneos;
				SWIFT_ACTIVE_COMPILATION_CONDITIONS = DEBUG;
				SWIFT_OPTIMIZATION_LEVEL = "-Onone";
			};
			name = Debug;
		};
		3A8577132137DC6E00B854B0 /* Release */ = {
			isa = XCBuildConfiguration;
			buildSettings = {
				ALWAYS_SEARCH_USER_PATHS = NO;
				CLANG_ANALYZER_NONNULL = YES;
				CLANG_ANALYZER_NUMBER_OBJECT_CONVERSION = YES_AGGRESSIVE;
				CLANG_CXX_LANGUAGE_STANDARD = "gnu++14";
				CLANG_CXX_LIBRARY = "libc++";
				CLANG_ENABLE_MODULES = YES;
				CLANG_ENABLE_OBJC_ARC = YES;
				CLANG_ENABLE_OBJC_WEAK = YES;
				CLANG_WARN_BLOCK_CAPTURE_AUTORELEASING = YES;
				CLANG_WARN_BOOL_CONVERSION = YES;
				CLANG_WARN_COMMA = YES;
				CLANG_WARN_CONSTANT_CONVERSION = YES;
				CLANG_WARN_DEPRECATED_OBJC_IMPLEMENTATIONS = YES;
				CLANG_WARN_DIRECT_OBJC_ISA_USAGE = YES_ERROR;
				CLANG_WARN_DOCUMENTATION_COMMENTS = YES;
				CLANG_WARN_EMPTY_BODY = YES;
				CLANG_WARN_ENUM_CONVERSION = YES;
				CLANG_WARN_INFINITE_RECURSION = YES;
				CLANG_WARN_INT_CONVERSION = YES;
				CLANG_WARN_NON_LITERAL_NULL_CONVERSION = YES;
				CLANG_WARN_OBJC_IMPLICIT_RETAIN_SELF = YES;
				CLANG_WARN_OBJC_LITERAL_CONVERSION = YES;
				CLANG_WARN_OBJC_ROOT_CLASS = YES_ERROR;
				CLANG_WARN_RANGE_LOOP_ANALYSIS = YES;
				CLANG_WARN_STRICT_PROTOTYPES = YES;
				CLANG_WARN_SUSPICIOUS_MOVE = YES;
				CLANG_WARN_UNGUARDED_AVAILABILITY = YES_AGGRESSIVE;
				CLANG_WARN_UNREACHABLE_CODE = YES;
				CLANG_WARN__DUPLICATE_METHOD_MATCH = YES;
				CODE_SIGN_IDENTITY = "iPhone Developer";
				COPY_PHASE_STRIP = NO;
				DEBUG_INFORMATION_FORMAT = "dwarf-with-dsym";
				ENABLE_NS_ASSERTIONS = NO;
				ENABLE_STRICT_OBJC_MSGSEND = YES;
				GCC_C_LANGUAGE_STANDARD = gnu11;
				GCC_NO_COMMON_BLOCKS = YES;
				GCC_WARN_64_TO_32_BIT_CONVERSION = YES;
				GCC_WARN_ABOUT_RETURN_TYPE = YES_ERROR;
				GCC_WARN_UNDECLARED_SELECTOR = YES;
				GCC_WARN_UNINITIALIZED_AUTOS = YES_AGGRESSIVE;
				GCC_WARN_UNUSED_FUNCTION = YES;
				GCC_WARN_UNUSED_VARIABLE = YES;
				IPHONEOS_DEPLOYMENT_TARGET = 11.3;
				MTL_ENABLE_DEBUG_INFO = NO;
				SDKROOT = iphoneos;
				SWIFT_COMPILATION_MODE = wholemodule;
				SWIFT_OPTIMIZATION_LEVEL = "-O";
				VALIDATE_PRODUCT = YES;
			};
			name = Release;
		};
		3A8577152137DC6E00B854B0 /* Debug */ = {
			isa = XCBuildConfiguration;
			baseConfigurationReference = 79270D5AEDF7E53B252E5398 /* Pods-Ads_Vuld_Khoanv.debug.xcconfig */;
			buildSettings = {
				ASSETCATALOG_COMPILER_APPICON_NAME = AppIcon;
				CODE_SIGN_STYLE = Automatic;
				DEVELOPMENT_TEAM = "";
				INFOPLIST_FILE = Ads_Vuld_Khoanv/Info.plist;
				LD_RUNPATH_SEARCH_PATHS = (
					"$(inherited)",
					"@executable_path/Frameworks",
				);
				PRODUCT_BUNDLE_IDENTIFIER = "com.vuld.khoanv.ads.earnmoney.money.Ads-Vuld-Khoanv";
				PRODUCT_NAME = "$(TARGET_NAME)";
				SWIFT_VERSION = 4.0;
				TARGETED_DEVICE_FAMILY = "1,2";
			};
			name = Debug;
		};
		3A8577162137DC6E00B854B0 /* Release */ = {
			isa = XCBuildConfiguration;
			baseConfigurationReference = 5B7F0E2F2C523ACDECA5E2A1 /* Pods-Ads_Vuld_Khoanv.release.xcconfig */;
			buildSettings = {
				ASSETCATALOG_COMPILER_APPICON_NAME = AppIcon;
				CODE_SIGN_STYLE = Automatic;
				DEVELOPMENT_TEAM = "";
				INFOPLIST_FILE = Ads_Vuld_Khoanv/Info.plist;
				LD_RUNPATH_SEARCH_PATHS = (
					"$(inherited)",
					"@executable_path/Frameworks",
				);
				PRODUCT_BUNDLE_IDENTIFIER = "com.vuld.khoanv.ads.earnmoney.money.Ads-Vuld-Khoanv";
				PRODUCT_NAME = "$(TARGET_NAME)";
				SWIFT_VERSION = 4.0;
				TARGETED_DEVICE_FAMILY = "1,2";
			};
			name = Release;
		};
/* End XCBuildConfiguration section */

/* Begin XCConfigurationList section */
		3A8576FD2137DC6C00B854B0 /* Build configuration list for PBXProject "Ads_Vuld_Khoanv" */ = {
			isa = XCConfigurationList;
			buildConfigurations = (
				3A8577122137DC6E00B854B0 /* Debug */,
				3A8577132137DC6E00B854B0 /* Release */,
			);
			defaultConfigurationIsVisible = 0;
			defaultConfigurationName = Release;
		};
		3A8577142137DC6E00B854B0 /* Build configuration list for PBXNativeTarget "Ads_Vuld_Khoanv" */ = {
			isa = XCConfigurationList;
			buildConfigurations = (
				3A8577152137DC6E00B854B0 /* Debug */,
				3A8577162137DC6E00B854B0 /* Release */,
			);
			defaultConfigurationIsVisible = 0;
			defaultConfigurationName = Release;
		};
/* End XCConfigurationList section */
	};
	rootObject = 3A8576FA2137DC6C00B854B0 /* Project object */;
}
